// !$*UTF8*$!
{
	archiveVersion = 1;
	classes = {
	};
	objectVersion = 46;
	objects = {

/* Begin PBXBuildFile section */
		5D53C4FAD2F7B334149A4683 /* libPods-FlickrPhotosTests.a in Frameworks */ = {isa = PBXBuildFile; fileRef = 9A1CDF01D9A3FBA7A6F23F7F /* libPods-FlickrPhotosTests.a */; };
		9848F4C69E38E7A8D69301D6 /* libPods-FlickrPhotos.a in Frameworks */ = {isa = PBXBuildFile; fileRef = 5E5012CF348C14C7A9071D84 /* libPods-FlickrPhotos.a */; };
		DF5A3C101E0AC30E000DA14B /* main.m in Sources */ = {isa = PBXBuildFile; fileRef = DF5A3C0F1E0AC30E000DA14B /* main.m */; };
		DF5A3C291E0AC30E000DA14B /* FlickrPhotosTests.m in Sources */ = {isa = PBXBuildFile; fileRef = DF5A3C281E0AC30E000DA14B /* FlickrPhotosTests.m */; };
		DF5A3C3D1E0AC4A1000DA14B /* AppDelegate.m in Sources */ = {isa = PBXBuildFile; fileRef = DF5A3C3A1E0AC4A1000DA14B /* AppDelegate.m */; };
		DF5A3C3E1E0AC4A1000DA14B /* MainViewController.m in Sources */ = {isa = PBXBuildFile; fileRef = DF5A3C3C1E0AC4A1000DA14B /* MainViewController.m */; };
		DF5A3C411E0AC4AA000DA14B /* Assets.xcassets in Resources */ = {isa = PBXBuildFile; fileRef = DF5A3C3F1E0AC4AA000DA14B /* Assets.xcassets */; };
		DF5A3C481E0AC5A8000DA14B /* Main.storyboard in Resources */ = {isa = PBXBuildFile; fileRef = DF5A3C451E0AC5A8000DA14B /* Main.storyboard */; };
		DF89AAD41E0FCFA500E9AEAF /* MainCollectionViewCell.m in Sources */ = {isa = PBXBuildFile; fileRef = DF89AAD31E0FCFA500E9AEAF /* MainCollectionViewCell.m */; };
		DF89AAD81E11651800E9AEAF /* FlickrNetwoking.m in Sources */ = {isa = PBXBuildFile; fileRef = DF89AAD71E11651800E9AEAF /* FlickrNetwoking.m */; };
		DF89AADA1E11656900E9AEAF /* Default-568h@2x.png in Resources */ = {isa = PBXBuildFile; fileRef = DF89AAD91E11656900E9AEAF /* Default-568h@2x.png */; };
		DF89AADD1E11808C00E9AEAF /* FlickrPhoto.m in Sources */ = {isa = PBXBuildFile; fileRef = DF89AADC1E11808C00E9AEAF /* FlickrPhoto.m */; };
		DF89AAE01E118F7700E9AEAF /* UIImageView+Utility.m in Sources */ = {isa = PBXBuildFile; fileRef = DF89AADF1E118F7700E9AEAF /* UIImageView+Utility.m */; };
		DF9C095E1E12C2DF00BB7620 /* Reachability.m in Sources */ = {isa = PBXBuildFile; fileRef = DF9C095D1E12C2DF00BB7620 /* Reachability.m */; };
/* End PBXBuildFile section */

/* Begin PBXContainerItemProxy section */
		DF5A3C251E0AC30E000DA14B /* PBXContainerItemProxy */ = {
			isa = PBXContainerItemProxy;
			containerPortal = DF5A3C031E0AC30E000DA14B /* Project object */;
			proxyType = 1;
			remoteGlobalIDString = DF5A3C0A1E0AC30E000DA14B;
			remoteInfo = FlickrPhotos;
		};
/* End PBXContainerItemProxy section */

/* Begin PBXFileReference section */
		2669E47C6F05E94E0BB3472D /* Pods-FlickrPhotosTests.debug.xcconfig */ = {isa = PBXFileReference; includeInIndex = 1; lastKnownFileType = text.xcconfig; name = "Pods-FlickrPhotosTests.debug.xcconfig"; path = "Pods/Target Support Files/Pods-FlickrPhotosTests/Pods-FlickrPhotosTests.debug.xcconfig"; sourceTree = "<group>"; };
		5E5012CF348C14C7A9071D84 /* libPods-FlickrPhotos.a */ = {isa = PBXFileReference; explicitFileType = archive.ar; includeInIndex = 0; path = "libPods-FlickrPhotos.a"; sourceTree = BUILT_PRODUCTS_DIR; };
		6134DFADBB419037D82B7B25 /* Pods-FlickrPhotos.debug.xcconfig */ = {isa = PBXFileReference; includeInIndex = 1; lastKnownFileType = text.xcconfig; name = "Pods-FlickrPhotos.debug.xcconfig"; path = "Pods/Target Support Files/Pods-FlickrPhotos/Pods-FlickrPhotos.debug.xcconfig"; sourceTree = "<group>"; };
		91DD9406BE5CF167B97DF473 /* Pods-FlickrPhotos.release.xcconfig */ = {isa = PBXFileReference; includeInIndex = 1; lastKnownFileType = text.xcconfig; name = "Pods-FlickrPhotos.release.xcconfig"; path = "Pods/Target Support Files/Pods-FlickrPhotos/Pods-FlickrPhotos.release.xcconfig"; sourceTree = "<group>"; };
		9A1CDF01D9A3FBA7A6F23F7F /* libPods-FlickrPhotosTests.a */ = {isa = PBXFileReference; explicitFileType = archive.ar; includeInIndex = 0; path = "libPods-FlickrPhotosTests.a"; sourceTree = BUILT_PRODUCTS_DIR; };
		DF5A3C0B1E0AC30E000DA14B /* FlickrPhotos.app */ = {isa = PBXFileReference; explicitFileType = wrapper.application; includeInIndex = 0; path = FlickrPhotos.app; sourceTree = BUILT_PRODUCTS_DIR; };
		DF5A3C0F1E0AC30E000DA14B /* main.m */ = {isa = PBXFileReference; lastKnownFileType = sourcecode.c.objc; path = main.m; sourceTree = "<group>"; };
		DF5A3C1F1E0AC30E000DA14B /* Info.plist */ = {isa = PBXFileReference; lastKnownFileType = text.plist.xml; path = Info.plist; sourceTree = "<group>"; };
		DF5A3C241E0AC30E000DA14B /* FlickrPhotosTests.xctest */ = {isa = PBXFileReference; explicitFileType = wrapper.cfbundle; includeInIndex = 0; path = FlickrPhotosTests.xctest; sourceTree = BUILT_PRODUCTS_DIR; };
		DF5A3C281E0AC30E000DA14B /* FlickrPhotosTests.m */ = {isa = PBXFileReference; lastKnownFileType = sourcecode.c.objc; path = FlickrPhotosTests.m; sourceTree = "<group>"; };
		DF5A3C2A1E0AC30E000DA14B /* Info.plist */ = {isa = PBXFileReference; lastKnownFileType = text.plist.xml; path = Info.plist; sourceTree = "<group>"; };
		DF5A3C391E0AC4A1000DA14B /* AppDelegate.h */ = {isa = PBXFileReference; fileEncoding = 4; lastKnownFileType = sourcecode.c.h; path = AppDelegate.h; sourceTree = "<group>"; };
		DF5A3C3A1E0AC4A1000DA14B /* AppDelegate.m */ = {isa = PBXFileReference; fileEncoding = 4; lastKnownFileType = sourcecode.c.objc; path = AppDelegate.m; sourceTree = "<group>"; };
		DF5A3C3B1E0AC4A1000DA14B /* MainViewController.h */ = {isa = PBXFileReference; fileEncoding = 4; lastKnownFileType = sourcecode.c.h; path = MainViewController.h; sourceTree = "<group>"; };
		DF5A3C3C1E0AC4A1000DA14B /* MainViewController.m */ = {isa = PBXFileReference; fileEncoding = 4; lastKnownFileType = sourcecode.c.objc; path = MainViewController.m; sourceTree = "<group>"; };
		DF5A3C3F1E0AC4AA000DA14B /* Assets.xcassets */ = {isa = PBXFileReference; lastKnownFileType = folder.assetcatalog; path = Assets.xcassets; sourceTree = "<group>"; };
		DF5A3C461E0AC5A8000DA14B /* Base */ = {isa = PBXFileReference; lastKnownFileType = file.storyboard; name = Base; path = Base.lproj/Main.storyboard; sourceTree = "<group>"; };
		DF89AAD21E0FCFA500E9AEAF /* MainCollectionViewCell.h */ = {isa = PBXFileReference; fileEncoding = 4; lastKnownFileType = sourcecode.c.h; path = MainCollectionViewCell.h; sourceTree = "<group>"; };
		DF89AAD31E0FCFA500E9AEAF /* MainCollectionViewCell.m */ = {isa = PBXFileReference; fileEncoding = 4; lastKnownFileType = sourcecode.c.objc; path = MainCollectionViewCell.m; sourceTree = "<group>"; };
		DF89AAD51E105D2F00E9AEAF /* Macros.h */ = {isa = PBXFileReference; fileEncoding = 4; lastKnownFileType = sourcecode.c.h; path = Macros.h; sourceTree = "<group>"; };
		DF89AAD61E11651800E9AEAF /* FlickrNetwoking.h */ = {isa = PBXFileReference; fileEncoding = 4; lastKnownFileType = sourcecode.c.h; path = FlickrNetwoking.h; sourceTree = "<group>"; };
		DF89AAD71E11651800E9AEAF /* FlickrNetwoking.m */ = {isa = PBXFileReference; fileEncoding = 4; lastKnownFileType = sourcecode.c.objc; path = FlickrNetwoking.m; sourceTree = "<group>"; };
		DF89AAD91E11656900E9AEAF /* Default-568h@2x.png */ = {isa = PBXFileReference; lastKnownFileType = image.png; path = "Default-568h@2x.png"; sourceTree = "<group>"; };
		DF89AADB1E11808C00E9AEAF /* FlickrPhoto.h */ = {isa = PBXFileReference; fileEncoding = 4; lastKnownFileType = sourcecode.c.h; path = FlickrPhoto.h; sourceTree = "<group>"; };
		DF89AADC1E11808C00E9AEAF /* FlickrPhoto.m */ = {isa = PBXFileReference; fileEncoding = 4; lastKnownFileType = sourcecode.c.objc; path = FlickrPhoto.m; sourceTree = "<group>"; };
		DF89AADE1E118F7700E9AEAF /* UIImageView+Utility.h */ = {isa = PBXFileReference; fileEncoding = 4; lastKnownFileType = sourcecode.c.h; path = "UIImageView+Utility.h"; sourceTree = "<group>"; };
		DF89AADF1E118F7700E9AEAF /* UIImageView+Utility.m */ = {isa = PBXFileReference; fileEncoding = 4; lastKnownFileType = sourcecode.c.objc; path = "UIImageView+Utility.m"; sourceTree = "<group>"; };
		DF9C095C1E12C2DF00BB7620 /* Reachability.h */ = {isa = PBXFileReference; fileEncoding = 4; lastKnownFileType = sourcecode.c.h; path = Reachability.h; sourceTree = "<group>"; };
		DF9C095D1E12C2DF00BB7620 /* Reachability.m */ = {isa = PBXFileReference; fileEncoding = 4; lastKnownFileType = sourcecode.c.objc; path = Reachability.m; sourceTree = "<group>"; };
		E0B66E8DA13F3B414370CADB /* Pods-FlickrPhotosTests.release.xcconfig */ = {isa = PBXFileReference; includeInIndex = 1; lastKnownFileType = text.xcconfig; name = "Pods-FlickrPhotosTests.release.xcconfig"; path = "Pods/Target Support Files/Pods-FlickrPhotosTests/Pods-FlickrPhotosTests.release.xcconfig"; sourceTree = "<group>"; };
/* End PBXFileReference section */

/* Begin PBXFrameworksBuildPhase section */
		DF5A3C081E0AC30E000DA14B /* Frameworks */ = {
			isa = PBXFrameworksBuildPhase;
			buildActionMask = 2147483647;
			files = (
				9848F4C69E38E7A8D69301D6 /* libPods-FlickrPhotos.a in Frameworks */,
			);
			runOnlyForDeploymentPostprocessing = 0;
		};
		DF5A3C211E0AC30E000DA14B /* Frameworks */ = {
			isa = PBXFrameworksBuildPhase;
			buildActionMask = 2147483647;
			files = (
				5D53C4FAD2F7B334149A4683 /* libPods-FlickrPhotosTests.a in Frameworks */,
			);
			runOnlyForDeploymentPostprocessing = 0;
		};
/* End PBXFrameworksBuildPhase section */

/* Begin PBXGroup section */
		C41F4BB95CAAC12C5E66A5C9 /* Frameworks */ = {
			isa = PBXGroup;
			children = (
				5E5012CF348C14C7A9071D84 /* libPods-FlickrPhotos.a */,
				9A1CDF01D9A3FBA7A6F23F7F /* libPods-FlickrPhotosTests.a */,
			);
			name = Frameworks;
			sourceTree = "<group>";
		};
		CD5180ED445674C52C853033 /* Pods */ = {
			isa = PBXGroup;
			children = (
				6134DFADBB419037D82B7B25 /* Pods-FlickrPhotos.debug.xcconfig */,
				91DD9406BE5CF167B97DF473 /* Pods-FlickrPhotos.release.xcconfig */,
				2669E47C6F05E94E0BB3472D /* Pods-FlickrPhotosTests.debug.xcconfig */,
				E0B66E8DA13F3B414370CADB /* Pods-FlickrPhotosTests.release.xcconfig */,
			);
			name = Pods;
			sourceTree = "<group>";
		};
		DF5A3C021E0AC30E000DA14B = {
			isa = PBXGroup;
			children = (
				DF89AAD91E11656900E9AEAF /* Default-568h@2x.png */,
				DF5A3C0D1E0AC30E000DA14B /* FlickrPhotos */,
				DF5A3C271E0AC30E000DA14B /* FlickrPhotosTests */,
				DF5A3C0C1E0AC30E000DA14B /* Products */,
				CD5180ED445674C52C853033 /* Pods */,
				C41F4BB95CAAC12C5E66A5C9 /* Frameworks */,
			);
			sourceTree = "<group>";
		};
		DF5A3C0C1E0AC30E000DA14B /* Products */ = {
			isa = PBXGroup;
			children = (
				DF5A3C0B1E0AC30E000DA14B /* FlickrPhotos.app */,
				DF5A3C241E0AC30E000DA14B /* FlickrPhotosTests.xctest */,
			);
			name = Products;
			sourceTree = "<group>";
		};
		DF5A3C0D1E0AC30E000DA14B /* FlickrPhotos */ = {
			isa = PBXGroup;
			children = (
				DF5A3C331E0AC3F3000DA14B /* CustomClasses */,
				DF5A3C341E0AC3FB000DA14B /* MainClasses */,
				DF5A3C351E0AC402000DA14B /* Model */,
				DF5A3C361E0AC406000DA14B /* Network */,
				DF5A3C0E1E0AC30E000DA14B /* Supporting Files */,
				DF5A3C371E0AC40B000DA14B /* UI */,
				DF5A3C381E0AC411000DA14B /* Utility */,
			);
			path = FlickrPhotos;
			sourceTree = "<group>";
		};
		DF5A3C0E1E0AC30E000DA14B /* Supporting Files */ = {
			isa = PBXGroup;
			children = (
				DF5A3C1F1E0AC30E000DA14B /* Info.plist */,
				DF5A3C0F1E0AC30E000DA14B /* main.m */,
			);
			name = "Supporting Files";
			sourceTree = "<group>";
		};
		DF5A3C271E0AC30E000DA14B /* FlickrPhotosTests */ = {
			isa = PBXGroup;
			children = (
				DF5A3C281E0AC30E000DA14B /* FlickrPhotosTests.m */,
				DF5A3C2A1E0AC30E000DA14B /* Info.plist */,
			);
			path = FlickrPhotosTests;
			sourceTree = "<group>";
		};
		DF5A3C331E0AC3F3000DA14B /* CustomClasses */ = {
			isa = PBXGroup;
			children = (
				DF89AADE1E118F7700E9AEAF /* UIImageView+Utility.h */,
				DF89AADF1E118F7700E9AEAF /* UIImageView+Utility.m */,
				DF89AAD21E0FCFA500E9AEAF /* MainCollectionViewCell.h */,
				DF89AAD31E0FCFA500E9AEAF /* MainCollectionViewCell.m */,
			);
			path = CustomClasses;
			sourceTree = "<group>";
		};
		DF5A3C341E0AC3FB000DA14B /* MainClasses */ = {
			isa = PBXGroup;
			children = (
				DF5A3C391E0AC4A1000DA14B /* AppDelegate.h */,
				DF5A3C3A1E0AC4A1000DA14B /* AppDelegate.m */,
				DF5A3C3B1E0AC4A1000DA14B /* MainViewController.h */,
				DF5A3C3C1E0AC4A1000DA14B /* MainViewController.m */,
			);
			path = MainClasses;
			sourceTree = "<group>";
		};
		DF5A3C351E0AC402000DA14B /* Model */ = {
			isa = PBXGroup;
			children = (
				DF89AADB1E11808C00E9AEAF /* FlickrPhoto.h */,
				DF89AADC1E11808C00E9AEAF /* FlickrPhoto.m */,
			);
			path = Model;
			sourceTree = "<group>";
		};
		DF5A3C361E0AC406000DA14B /* Network */ = {
			isa = PBXGroup;
			children = (
				DF9C095C1E12C2DF00BB7620 /* Reachability.h */,
				DF9C095D1E12C2DF00BB7620 /* Reachability.m */,
				DF89AAD61E11651800E9AEAF /* FlickrNetwoking.h */,
				DF89AAD71E11651800E9AEAF /* FlickrNetwoking.m */,
			);
			path = Network;
			sourceTree = "<group>";
		};
		DF5A3C371E0AC40B000DA14B /* UI */ = {
			isa = PBXGroup;
			children = (
				DF5A3C451E0AC5A8000DA14B /* Main.storyboard */,
				DF5A3C3F1E0AC4AA000DA14B /* Assets.xcassets */,
			);
			path = UI;
			sourceTree = "<group>";
		};
		DF5A3C381E0AC411000DA14B /* Utility */ = {
			isa = PBXGroup;
			children = (
				DF89AAD51E105D2F00E9AEAF /* Macros.h */,
			);
			path = Utility;
			sourceTree = "<group>";
		};
/* End PBXGroup section */

/* Begin PBXNativeTarget section */
		DF5A3C0A1E0AC30E000DA14B /* FlickrPhotos */ = {
			isa = PBXNativeTarget;
			buildConfigurationList = DF5A3C2D1E0AC30E000DA14B /* Build configuration list for PBXNativeTarget "FlickrPhotos" */;
			buildPhases = (
				1B6F63868145B903EA51B7DF /* [CP] Check Pods Manifest.lock */,
				DF5A3C071E0AC30E000DA14B /* Sources */,
				DF5A3C081E0AC30E000DA14B /* Frameworks */,
				DF5A3C091E0AC30E000DA14B /* Resources */,
				22FE5945CE93971AD84E5A75 /* [CP] Embed Pods Frameworks */,
				6178C3EC5B541F119BA22F99 /* [CP] Copy Pods Resources */,
			);
			buildRules = (
			);
			dependencies = (
			);
			name = FlickrPhotos;
			productName = FlickrPhotos;
			productReference = DF5A3C0B1E0AC30E000DA14B /* FlickrPhotos.app */;
			productType = "com.apple.product-type.application";
		};
		DF5A3C231E0AC30E000DA14B /* FlickrPhotosTests */ = {
			isa = PBXNativeTarget;
			buildConfigurationList = DF5A3C301E0AC30E000DA14B /* Build configuration list for PBXNativeTarget "FlickrPhotosTests" */;
			buildPhases = (
				F6D69E63394927D3D155659C /* [CP] Check Pods Manifest.lock */,
				DF5A3C201E0AC30E000DA14B /* Sources */,
				DF5A3C211E0AC30E000DA14B /* Frameworks */,
				DF5A3C221E0AC30E000DA14B /* Resources */,
				BBB877B77318C4B66B525477 /* [CP] Embed Pods Frameworks */,
				CB8562035CE0D3089EC45A11 /* [CP] Copy Pods Resources */,
			);
			buildRules = (
			);
			dependencies = (
				DF5A3C261E0AC30E000DA14B /* PBXTargetDependency */,
			);
			name = FlickrPhotosTests;
			productName = FlickrPhotosTests;
			productReference = DF5A3C241E0AC30E000DA14B /* FlickrPhotosTests.xctest */;
			productType = "com.apple.product-type.bundle.unit-test";
		};
/* End PBXNativeTarget section */

/* Begin PBXProject section */
		DF5A3C031E0AC30E000DA14B /* Project object */ = {
			isa = PBXProject;
			attributes = {
				LastUpgradeCheck = 0820;
				ORGANIZATIONNAME = "Francesca Corsini";
				TargetAttributes = {
					DF5A3C0A1E0AC30E000DA14B = {
						CreatedOnToolsVersion = 8.2;
						ProvisioningStyle = Automatic;
					};
					DF5A3C231E0AC30E000DA14B = {
						CreatedOnToolsVersion = 8.2;
						ProvisioningStyle = Automatic;
						TestTargetID = DF5A3C0A1E0AC30E000DA14B;
					};
				};
			};
			buildConfigurationList = DF5A3C061E0AC30E000DA14B /* Build configuration list for PBXProject "FlickrPhotos" */;
			compatibilityVersion = "Xcode 3.2";
			developmentRegion = English;
			hasScannedForEncodings = 0;
			knownRegions = (
				en,
				Base,
			);
			mainGroup = DF5A3C021E0AC30E000DA14B;
			productRefGroup = DF5A3C0C1E0AC30E000DA14B /* Products */;
			projectDirPath = "";
			projectRoot = "";
			targets = (
				DF5A3C0A1E0AC30E000DA14B /* FlickrPhotos */,
				DF5A3C231E0AC30E000DA14B /* FlickrPhotosTests */,
			);
		};
/* End PBXProject section */

/* Begin PBXResourcesBuildPhase section */
		DF5A3C091E0AC30E000DA14B /* Resources */ = {
			isa = PBXResourcesBuildPhase;
			buildActionMask = 2147483647;
			files = (
				DF5A3C481E0AC5A8000DA14B /* Main.storyboard in Resources */,
				DF5A3C411E0AC4AA000DA14B /* Assets.xcassets in Resources */,
				DF89AADA1E11656900E9AEAF /* Default-568h@2x.png in Resources */,
			);
			runOnlyForDeploymentPostprocessing = 0;
		};
		DF5A3C221E0AC30E000DA14B /* Resources */ = {
			isa = PBXResourcesBuildPhase;
			buildActionMask = 2147483647;
			files = (
			);
			runOnlyForDeploymentPostprocessing = 0;
		};
/* End PBXResourcesBuildPhase section */

/* Begin PBXShellScriptBuildPhase section */
		1B6F63868145B903EA51B7DF /* [CP] Check Pods Manifest.lock */ = {
			isa = PBXShellScriptBuildPhase;
			buildActionMask = 2147483647;
			files = (
			);
			inputPaths = (
			);
			name = "[CP] Check Pods Manifest.lock";
			outputPaths = (
			);
			runOnlyForDeploymentPostprocessing = 0;
			shellPath = /bin/sh;
			shellScript = "diff \"${PODS_ROOT}/../Podfile.lock\" \"${PODS_ROOT}/Manifest.lock\" > /dev/null\nif [ $? != 0 ] ; then\n    # print error to STDERR\n    echo \"error: The sandbox is not in sync with the Podfile.lock. Run 'pod install' or update your CocoaPods installation.\" >&2\n    exit 1\nfi\n";
			showEnvVarsInLog = 0;
		};
		22FE5945CE93971AD84E5A75 /* [CP] Embed Pods Frameworks */ = {
			isa = PBXShellScriptBuildPhase;
			buildActionMask = 2147483647;
			files = (
			);
			inputPaths = (
			);
			name = "[CP] Embed Pods Frameworks";
			outputPaths = (
			);
			runOnlyForDeploymentPostprocessing = 0;
			shellPath = /bin/sh;
			shellScript = "\"${SRCROOT}/Pods/Target Support Files/Pods-FlickrPhotos/Pods-FlickrPhotos-frameworks.sh\"\n";
			showEnvVarsInLog = 0;
		};
		6178C3EC5B541F119BA22F99 /* [CP] Copy Pods Resources */ = {
			isa = PBXShellScriptBuildPhase;
			buildActionMask = 2147483647;
			files = (
			);
			inputPaths = (
			);
			name = "[CP] Copy Pods Resources";
			outputPaths = (
			);
			runOnlyForDeploymentPostprocessing = 0;
			shellPath = /bin/sh;
			shellScript = "\"${SRCROOT}/Pods/Target Support Files/Pods-FlickrPhotos/Pods-FlickrPhotos-resources.sh\"\n";
			showEnvVarsInLog = 0;
		};
		BBB877B77318C4B66B525477 /* [CP] Embed Pods Frameworks */ = {
			isa = PBXShellScriptBuildPhase;
			buildActionMask = 2147483647;
			files = (
			);
			inputPaths = (
			);
			name = "[CP] Embed Pods Frameworks";
			outputPaths = (
			);
			runOnlyForDeploymentPostprocessing = 0;
			shellPath = /bin/sh;
			shellScript = "\"${SRCROOT}/Pods/Target Support Files/Pods-FlickrPhotosTests/Pods-FlickrPhotosTests-frameworks.sh\"\n";
			showEnvVarsInLog = 0;
		};
		CB8562035CE0D3089EC45A11 /* [CP] Copy Pods Resources */ = {
			isa = PBXShellScriptBuildPhase;
			buildActionMask = 2147483647;
			files = (
			);
			inputPaths = (
			);
			name = "[CP] Copy Pods Resources";
			outputPaths = (
			);
			runOnlyForDeploymentPostprocessing = 0;
			shellPath = /bin/sh;
			shellScript = "\"${SRCROOT}/Pods/Target Support Files/Pods-FlickrPhotosTests/Pods-FlickrPhotosTests-resources.sh\"\n";
			showEnvVarsInLog = 0;
		};
		F6D69E63394927D3D155659C /* [CP] Check Pods Manifest.lock */ = {
			isa = PBXShellScriptBuildPhase;
			buildActionMask = 2147483647;
			files = (
			);
			inputPaths = (
			);
			name = "[CP] Check Pods Manifest.lock";
			outputPaths = (
			);
			runOnlyForDeploymentPostprocessing = 0;
			shellPath = /bin/sh;
			shellScript = "diff \"${PODS_ROOT}/../Podfile.lock\" \"${PODS_ROOT}/Manifest.lock\" > /dev/null\nif [ $? != 0 ] ; then\n    # print error to STDERR\n    echo \"error: The sandbox is not in sync with the Podfile.lock. Run 'pod install' or update your CocoaPods installation.\" >&2\n    exit 1\nfi\n";
			showEnvVarsInLog = 0;
		};
/* End PBXShellScriptBuildPhase section */

/* Begin PBXSourcesBuildPhase section */
		DF5A3C071E0AC30E000DA14B /* Sources */ = {
			isa = PBXSourcesBuildPhase;
			buildActionMask = 2147483647;
			files = (
				DF5A3C3E1E0AC4A1000DA14B /* MainViewController.m in Sources */,
				DF5A3C3D1E0AC4A1000DA14B /* AppDelegate.m in Sources */,
				DF9C095E1E12C2DF00BB7620 /* Reachability.m in Sources */,
				DF5A3C101E0AC30E000DA14B /* main.m in Sources */,
				DF89AAE01E118F7700E9AEAF /* UIImageView+Utility.m in Sources */,
				DF89AADD1E11808C00E9AEAF /* FlickrPhoto.m in Sources */,
				DF89AAD41E0FCFA500E9AEAF /* MainCollectionViewCell.m in Sources */,
				DF89AAD81E11651800E9AEAF /* FlickrNetwoking.m in Sources */,
			);
			runOnlyForDeploymentPostprocessing = 0;
		};
		DF5A3C201E0AC30E000DA14B /* Sources */ = {
			isa = PBXSourcesBuildPhase;
			buildActionMask = 2147483647;
			files = (
				DF5A3C291E0AC30E000DA14B /* FlickrPhotosTests.m in Sources */,
			);
			runOnlyForDeploymentPostprocessing = 0;
		};
/* End PBXSourcesBuildPhase section */

/* Begin PBXTargetDependency section */
		DF5A3C261E0AC30E000DA14B /* PBXTargetDependency */ = {
			isa = PBXTargetDependency;
			target = DF5A3C0A1E0AC30E000DA14B /* FlickrPhotos */;
			targetProxy = DF5A3C251E0AC30E000DA14B /* PBXContainerItemProxy */;
		};
/* End PBXTargetDependency section */

/* Begin PBXVariantGroup section */
		DF5A3C451E0AC5A8000DA14B /* Main.storyboard */ = {
			isa = PBXVariantGroup;
			children = (
				DF5A3C461E0AC5A8000DA14B /* Base */,
			);
			name = Main.storyboard;
			sourceTree = "<group>";
		};
/* End PBXVariantGroup section */

/* Begin XCBuildConfiguration section */
		DF5A3C2B1E0AC30E000DA14B /* Debug */ = {
			isa = XCBuildConfiguration;
			buildSettings = {
				ALWAYS_SEARCH_USER_PATHS = NO;
				CLANG_ANALYZER_NONNULL = YES;
				CLANG_CXX_LANGUAGE_STANDARD = "gnu++0x";
				CLANG_CXX_LIBRARY = "libc++";
				CLANG_ENABLE_MODULES = YES;
				CLANG_ENABLE_OBJC_ARC = YES;
				CLANG_WARN_BOOL_CONVERSION = YES;
				CLANG_WARN_CONSTANT_CONVERSION = YES;
				CLANG_WARN_DIRECT_OBJC_ISA_USAGE = YES_ERROR;
				CLANG_WARN_DOCUMENTATION_COMMENTS = YES;
				CLANG_WARN_EMPTY_BODY = YES;
				CLANG_WARN_ENUM_CONVERSION = YES;
				CLANG_WARN_INFINITE_RECURSION = YES;
				CLANG_WARN_INT_CONVERSION = YES;
				CLANG_WARN_OBJC_ROOT_CLASS = YES_ERROR;
				CLANG_WARN_SUSPICIOUS_MOVE = YES;
				CLANG_WARN_UNREACHABLE_CODE = YES;
				CLANG_WARN__DUPLICATE_METHOD_MATCH = YES;
				"CODE_SIGN_IDENTITY[sdk=iphoneos*]" = "iPhone Developer";
				COPY_PHASE_STRIP = NO;
				DEBUG_INFORMATION_FORMAT = dwarf;
				ENABLE_STRICT_OBJC_MSGSEND = YES;
				ENABLE_TESTABILITY = YES;
				GCC_C_LANGUAGE_STANDARD = gnu99;
				GCC_DYNAMIC_NO_PIC = NO;
				GCC_NO_COMMON_BLOCKS = YES;
				GCC_OPTIMIZATION_LEVEL = 0;
				GCC_PREPROCESSOR_DEFINITIONS = (
					"DEBUG=1",
					"$(inherited)",
				);
				GCC_WARN_64_TO_32_BIT_CONVERSION = YES;
				GCC_WARN_ABOUT_RETURN_TYPE = YES_ERROR;
				GCC_WARN_UNDECLARED_SELECTOR = YES;
				GCC_WARN_UNINITIALIZED_AUTOS = YES_AGGRESSIVE;
				GCC_WARN_UNUSED_FUNCTION = YES;
				GCC_WARN_UNUSED_VARIABLE = YES;
				IPHONEOS_DEPLOYMENT_TARGET = 10.2;
				MTL_ENABLE_DEBUG_INFO = YES;
				ONLY_ACTIVE_ARCH = YES;
				SDKROOT = iphoneos;
				TARGETED_DEVICE_FAMILY = "1,2";
			};
			name = Debug;
		};
		DF5A3C2C1E0AC30E000DA14B /* Release */ = {
			isa = XCBuildConfiguration;
			buildSettings = {
				ALWAYS_SEARCH_USER_PATHS = NO;
				CLANG_ANALYZER_NONNULL = YES;
				CLANG_CXX_LANGUAGE_STANDARD = "gnu++0x";
				CLANG_CXX_LIBRARY = "libc++";
				CLANG_ENABLE_MODULES = YES;
				CLANG_ENABLE_OBJC_ARC = YES;
				CLANG_WARN_BOOL_CONVERSION = YES;
				CLANG_WARN_CONSTANT_CONVERSION = YES;
				CLANG_WARN_DIRECT_OBJC_ISA_USAGE = YES_ERROR;
				CLANG_WARN_DOCUMENTATION_COMMENTS = YES;
				CLANG_WARN_EMPTY_BODY = YES;
				CLANG_WARN_ENUM_CONVERSION = YES;
				CLANG_WARN_INFINITE_RECURSION = YES;
				CLANG_WARN_INT_CONVERSION = YES;
				CLANG_WARN_OBJC_ROOT_CLASS = YES_ERROR;
				CLANG_WARN_SUSPICIOUS_MOVE = YES;
				CLANG_WARN_UNREACHABLE_CODE = YES;
				CLANG_WARN__DUPLICATE_METHOD_MATCH = YES;
				"CODE_SIGN_IDENTITY[sdk=iphoneos*]" = "iPhone Developer";
				COPY_PHASE_STRIP = NO;
				DEBUG_INFORMATION_FORMAT = "dwarf-with-dsym";
				ENABLE_NS_ASSERTIONS = NO;
				ENABLE_STRICT_OBJC_MSGSEND = YES;
				GCC_C_LANGUAGE_STANDARD = gnu99;
				GCC_NO_COMMON_BLOCKS = YES;
				GCC_WARN_64_TO_32_BIT_CONVERSION = YES;
				GCC_WARN_ABOUT_RETURN_TYPE = YES_ERROR;
				GCC_WARN_UNDECLARED_SELECTOR = YES;
				GCC_WARN_UNINITIALIZED_AUTOS = YES_AGGRESSIVE;
				GCC_WARN_UNUSED_FUNCTION = YES;
				GCC_WARN_UNUSED_VARIABLE = YES;
				IPHONEOS_DEPLOYMENT_TARGET = 10.2;
				MTL_ENABLE_DEBUG_INFO = NO;
				SDKROOT = iphoneos;
				TARGETED_DEVICE_FAMILY = "1,2";
				VALIDATE_PRODUCT = YES;
			};
			name = Release;
		};
		DF5A3C2E1E0AC30E000DA14B /* Debug */ = {
			isa = XCBuildConfiguration;
			baseConfigurationReference = 6134DFADBB419037D82B7B25 /* Pods-FlickrPhotos.debug.xcconfig */;
			buildSettings = {
				ASSETCATALOG_COMPILER_APPICON_NAME = AppIcon;
				INFOPLIST_FILE = FlickrPhotos/Info.plist;
				LD_RUNPATH_SEARCH_PATHS = "$(inherited) @executable_path/Frameworks";
				PRODUCT_BUNDLE_IDENTIFIER = app.FlickrPhotos;
				PRODUCT_NAME = "$(TARGET_NAME)";
			};
			name = Debug;
		};
		DF5A3C2F1E0AC30E000DA14B /* Release */ = {
			isa = XCBuildConfiguration;
			baseConfigurationReference = 91DD9406BE5CF167B97DF473 /* Pods-FlickrPhotos.release.xcconfig */;
			buildSettings = {
				ASSETCATALOG_COMPILER_APPICON_NAME = AppIcon;
				INFOPLIST_FILE = FlickrPhotos/Info.plist;
				LD_RUNPATH_SEARCH_PATHS = "$(inherited) @executable_path/Frameworks";
				PRODUCT_BUNDLE_IDENTIFIER = app.FlickrPhotos;
				PRODUCT_NAME = "$(TARGET_NAME)";
			};
			name = Release;
		};
		DF5A3C311E0AC30E000DA14B /* Debug */ = {
			isa = XCBuildConfiguration;
			baseConfigurationReference = 2669E47C6F05E94E0BB3472D /* Pods-FlickrPhotosTests.debug.xcconfig */;
			buildSettings = {
				BUNDLE_LOADER = "$(TEST_HOST)";
				INFOPLIST_FILE = FlickrPhotosTests/Info.plist;
				LD_RUNPATH_SEARCH_PATHS = "$(inherited) @executable_path/Frameworks @loader_path/Frameworks";
				PRODUCT_BUNDLE_IDENTIFIER = app.FlickrPhotosTests;
				PRODUCT_NAME = "$(TARGET_NAME)";
				TEST_HOST = "$(BUILT_PRODUCTS_DIR)/FlickrPhotos.app/FlickrPhotos";
			};
			name = Debug;
		};
		DF5A3C321E0AC30E000DA14B /* Release */ = {
			isa = XCBuildConfiguration;
			baseConfigurationReference = E0B66E8DA13F3B414370CADB /* Pods-FlickrPhotosTests.release.xcconfig */;
			buildSettings = {
				BUNDLE_LOADER = "$(TEST_HOST)";
				INFOPLIST_FILE = FlickrPhotosTests/Info.plist;
				LD_RUNPATH_SEARCH_PATHS = "$(inherited) @executable_path/Frameworks @loader_path/Frameworks";
				PRODUCT_BUNDLE_IDENTIFIER = app.FlickrPhotosTests;
				PRODUCT_NAME = "$(TARGET_NAME)";
				TEST_HOST = "$(BUILT_PRODUCTS_DIR)/FlickrPhotos.app/FlickrPhotos";
			};
			name = Release;
		};
/* End XCBuildConfiguration section */

/* Begin XCConfigurationList section */
		DF5A3C061E0AC30E000DA14B /* Build configuration list for PBXProject "FlickrPhotos" */ = {
			isa = XCConfigurationList;
			buildConfigurations = (
				DF5A3C2B1E0AC30E000DA14B /* Debug */,
				DF5A3C2C1E0AC30E000DA14B /* Release */,
			);
			defaultConfigurationIsVisible = 0;
			defaultConfigurationName = Release;
		};
		DF5A3C2D1E0AC30E000DA14B /* Build configuration list for PBXNativeTarget "FlickrPhotos" */ = {
			isa = XCConfigurationList;
			buildConfigurations = (
				DF5A3C2E1E0AC30E000DA14B /* Debug */,
				DF5A3C2F1E0AC30E000DA14B /* Release */,
			);
			defaultConfigurationIsVisible = 0;
			defaultConfigurationName = Release;
		};
		DF5A3C301E0AC30E000DA14B /* Build configuration list for PBXNativeTarget "FlickrPhotosTests" */ = {
			isa = XCConfigurationList;
			buildConfigurations = (
				DF5A3C311E0AC30E000DA14B /* Debug */,
				DF5A3C321E0AC30E000DA14B /* Release */,
			);
			defaultConfigurationIsVisible = 0;
			defaultConfigurationName = Release;
		};
/* End XCConfigurationList section */
	};
	rootObject = DF5A3C031E0AC30E000DA14B /* Project object */;
}
